
Microsoft Visual Studio Solution File, Format Version 12.00
# Visual Studio Version 17
VisualStudioVersion = 17.9.34622.214
MinimumVisualStudioVersion = 10.0.40219.1
Project("{FAE04EC0-301F-11D3-BF4B-00C04F79EFBC}") = "Client", "Client.csproj", "{DDE8FDCB-39F2-487B-8CF7-9E45B1803761}"
EndProject
Project("{FAE04EC0-301F-11D3-BF4B-00C04F79EFBC}") = "Server", "..\Server\Server.csproj", "{ADF5E7BF-BA34-49A0-8E48-F5EFA1AB7854}"
EndProject
Global
	GlobalSection(SolutionConfigurationPlatforms) = preSolution
		Debug|Any CPU = Debug|Any CPU
		Release|Any CPU = Release|Any CPU
	EndGlobalSection
	GlobalSection(ProjectConfigurationPlatforms) = postSolution
		{DDE8FDCB-39F2-487B-8CF7-9E45B1803761}.Debug|Any CPU.ActiveCfg = Debug|Any CPU
		{DDE8FDCB-39F2-487B-8CF7-9E45B1803761}.Debug|Any CPU.Build.0 = Debug|Any CPU
		{DDE8FDCB-39F2-487B-8CF7-9E45B1803761}.Release|Any CPU.ActiveCfg = Release|Any CPU
		{DDE8FDCB-39F2-487B-8CF7-9E45B1803761}.Release|Any CPU.Build.0 = Release|Any CPU
		{ADF5E7BF-BA34-49A0-8E48-F5EFA1AB7854}.Debug|Any CPU.ActiveCfg = Debug|Any CPU
		{ADF5E7BF-BA34-49A0-8E48-F5EFA1AB7854}.Debug|Any CPU.Build.0 = Debug|Any CPU
		{ADF5E7BF-BA34-49A0-8E48-F5EFA1AB7854}.Release|Any CPU.ActiveCfg = Release|Any CPU
		{ADF5E7BF-BA34-49A0-8E48-F5EFA1AB7854}.Release|Any CPU.Build.0 = Release|Any CPU
	EndGlobalSection
	GlobalSection(SolutionProperties) = preSolution
		HideSolutionNode = FALSE
	EndGlobalSection
	GlobalSection(ExtensibilityGlobals) = postSolution
		SolutionGuid = {44D13F9C-C92E-4ACC-8F2E-E6C645FDF925}
	EndGlobalSection
EndGlobal
