
Microsoft Visual Studio Solution File, Format Version 12.00
# Visual Studio Version 17
VisualStudioVersion = 17.9.34622.214
MinimumVisualStudioVersion = 10.0.40219.1
Project("{FAE04EC0-301F-11D3-BF4B-00C04F79EFBC}") = "WindowsFormsApp1", "WindowsFormsApp1.csproj", "{CEDB3EE3-DECF-4820-BE6B-5EC9D1F9ED56}"
EndProject
Global
	GlobalSection(SolutionConfigurationPlatforms) = preSolution
		Debug|Any CPU = Debug|Any CPU
		Release|Any CPU = Release|Any CPU
	EndGlobalSection
	GlobalSection(ProjectConfigurationPlatforms) = postSolution
		{CEDB3EE3-DECF-4820-BE6B-5EC9D1F9ED56}.Debug|Any CPU.ActiveCfg = Debug|Any CPU
		{CEDB3EE3-DECF-4820-BE6B-5EC9D1F9ED56}.Debug|Any CPU.Build.0 = Debug|Any CPU
		{CEDB3EE3-DECF-4820-BE6B-5EC9D1F9ED56}.Release|Any CPU.ActiveCfg = Release|Any CPU
		{CEDB3EE3-DECF-4820-BE6B-5EC9D1F9ED56}.Release|Any CPU.Build.0 = Release|Any CPU
	EndGlobalSection
	GlobalSection(SolutionProperties) = preSolution
		HideSolutionNode = FALSE
	EndGlobalSection
	GlobalSection(ExtensibilityGlobals) = postSolution
		SolutionGuid = {89425CA2-E055-40AB-8B76-A78215D9A578}
	EndGlobalSection
EndGlobal
